
Microsoft Visual Studio Solution File, Format Version 12.00
# Visual Studio Version 16
VisualStudioVersion = 16.0.31624.102
MinimumVisualStudioVersion = 10.0.40219.1
Project("{FAE04EC0-301F-11D3-BF4B-00C04F79EFBC}") = "ConsoleTest", "ConsoleTest\ConsoleTest.csproj", "{795B3032-2EF2-4CE6-AA7F-11440CF15460}"
EndProject
Project("{FAE04EC0-301F-11D3-BF4B-00C04F79EFBC}") = "Codility", "Codility\Codility.csproj", "{868A3ED2-4F0F-4FE6-8945-FC16DCDBBEF1}"
EndProject
Global
	GlobalSection(SolutionConfigurationPlatforms) = preSolution
		Debug|Any CPU = Debug|Any CPU
		Release|Any CPU = Release|Any CPU
	EndGlobalSection
	GlobalSection(ProjectConfigurationPlatforms) = postSolution
		{795B3032-2EF2-4CE6-AA7F-11440CF15460}.Debug|Any CPU.ActiveCfg = Debug|Any CPU
		{795B3032-2EF2-4CE6-AA7F-11440CF15460}.Debug|Any CPU.Build.0 = Debug|Any CPU
		{795B3032-2EF2-4CE6-AA7F-11440CF15460}.Release|Any CPU.ActiveCfg = Release|Any CPU
		{795B3032-2EF2-4CE6-AA7F-11440CF15460}.Release|Any CPU.Build.0 = Release|Any CPU
		{868A3ED2-4F0F-4FE6-8945-FC16DCDBBEF1}.Debug|Any CPU.ActiveCfg = Debug|Any CPU
		{868A3ED2-4F0F-4FE6-8945-FC16DCDBBEF1}.Debug|Any CPU.Build.0 = Debug|Any CPU
		{868A3ED2-4F0F-4FE6-8945-FC16DCDBBEF1}.Release|Any CPU.ActiveCfg = Release|Any CPU
		{868A3ED2-4F0F-4FE6-8945-FC16DCDBBEF1}.Release|Any CPU.Build.0 = Release|Any CPU
	EndGlobalSection
	GlobalSection(SolutionProperties) = preSolution
		HideSolutionNode = FALSE
	EndGlobalSection
	GlobalSection(ExtensibilityGlobals) = postSolution
		SolutionGuid = {3CC30026-7AF3-44A4-A02F-B03354B25C41}
	EndGlobalSection
EndGlobal
